
Microsoft Visual Studio Solution File, Format Version 12.00
# Visual Studio Version 17
VisualStudioVersion = 17.1.32414.318
MinimumVisualStudioVersion = 10.0.40219.1
Project("{FAE04EC0-301F-11D3-BF4B-00C04F79EFBC}") = "HomeWorkGame", "HomeWorkGame\HomeWorkGame.csproj", "{67798A05-934D-4FC5-BA27-ED573A9DEB3E}"
EndProject
Global
	GlobalSection(SolutionConfigurationPlatforms) = preSolution
		Debug|Any CPU = Debug|Any CPU
		Release|Any CPU = Release|Any CPU
	EndGlobalSection
	GlobalSection(ProjectConfigurationPlatforms) = postSolution
		{67798A05-934D-4FC5-BA27-ED573A9DEB3E}.Debug|Any CPU.ActiveCfg = Debug|Any CPU
		{67798A05-934D-4FC5-BA27-ED573A9DEB3E}.Debug|Any CPU.Build.0 = Debug|Any CPU
		{67798A05-934D-4FC5-BA27-ED573A9DEB3E}.Release|Any CPU.ActiveCfg = Release|Any CPU
		{67798A05-934D-4FC5-BA27-ED573A9DEB3E}.Release|Any CPU.Build.0 = Release|Any CPU
	EndGlobalSection
	GlobalSection(SolutionProperties) = preSolution
		HideSolutionNode = FALSE
	EndGlobalSection
	GlobalSection(ExtensibilityGlobals) = postSolution
		SolutionGuid = {49261EA2-F42B-40FD-A059-F72ED6272BF8}
	EndGlobalSection
EndGlobal
